
Microsoft Visual Studio Solution File, Format Version 12.00
# Visual Studio Version 16
VisualStudioVersion = 16.0.29905.134
MinimumVisualStudioVersion = 10.0.40219.1
Project("{9A19103F-16F7-4668-BE54-9A1E7A4F7556}") = "ApplicationCore", "ApplicationCore\ApplicationCore.csproj", "{5EB6C9C5-8D28-415B-96E9-5CA3DBFC676D}"
EndProject
Project("{9A19103F-16F7-4668-BE54-9A1E7A4F7556}") = "Infrastructure", "Infrastructure\Infrastructure.csproj", "{202712A7-7D4F-4197-9C32-8693850E3897}"
EndProject
Project("{9A19103F-16F7-4668-BE54-9A1E7A4F7556}") = "Web", "Web\Web.csproj", "{7B7800F2-23B4-4666-9CE9-22472D7285BD}"
EndProject
Global
	GlobalSection(SolutionConfigurationPlatforms) = preSolution
		Debug|Any CPU = Debug|Any CPU
		Release|Any CPU = Release|Any CPU
	EndGlobalSection
	GlobalSection(ProjectConfigurationPlatforms) = postSolution
		{5EB6C9C5-8D28-415B-96E9-5CA3DBFC676D}.Debug|Any CPU.ActiveCfg = Debug|Any CPU
		{5EB6C9C5-8D28-415B-96E9-5CA3DBFC676D}.Debug|Any CPU.Build.0 = Debug|Any CPU
		{5EB6C9C5-8D28-415B-96E9-5CA3DBFC676D}.Release|Any CPU.ActiveCfg = Release|Any CPU
		{5EB6C9C5-8D28-415B-96E9-5CA3DBFC676D}.Release|Any CPU.Build.0 = Release|Any CPU
		{202712A7-7D4F-4197-9C32-8693850E3897}.Debug|Any CPU.ActiveCfg = Debug|Any CPU
		{202712A7-7D4F-4197-9C32-8693850E3897}.Debug|Any CPU.Build.0 = Debug|Any CPU
		{202712A7-7D4F-4197-9C32-8693850E3897}.Release|Any CPU.ActiveCfg = Release|Any CPU
		{202712A7-7D4F-4197-9C32-8693850E3897}.Release|Any CPU.Build.0 = Release|Any CPU
		{7B7800F2-23B4-4666-9CE9-22472D7285BD}.Debug|Any CPU.ActiveCfg = Debug|Any CPU
		{7B7800F2-23B4-4666-9CE9-22472D7285BD}.Debug|Any CPU.Build.0 = Debug|Any CPU
		{7B7800F2-23B4-4666-9CE9-22472D7285BD}.Release|Any CPU.ActiveCfg = Release|Any CPU
		{7B7800F2-23B4-4666-9CE9-22472D7285BD}.Release|Any CPU.Build.0 = Release|Any CPU
	EndGlobalSection
	GlobalSection(SolutionProperties) = preSolution
		HideSolutionNode = FALSE
	EndGlobalSection
	GlobalSection(ExtensibilityGlobals) = postSolution
		SolutionGuid = {D133B630-C336-4889-ADAA-222F0BFBEE39}
	EndGlobalSection
EndGlobal
